
Microsoft Visual Studio Solution File, Format Version 12.00
# Visual Studio Version 16
VisualStudioVersion = 16.0.29709.97
MinimumVisualStudioVersion = 10.0.40219.1
Project("{FAE04EC0-301F-11D3-BF4B-00C04F79EFBC}") = "FamilyTreeGenerator", "FamilyTreeGenerator.csproj", "{3D149AFA-15EA-4019-A90B-8EB6998E658D}"
EndProject
Global
	GlobalSection(SolutionConfigurationPlatforms) = preSolution
		Debug|Any CPU = Debug|Any CPU
		Release|Any CPU = Release|Any CPU
	EndGlobalSection
	GlobalSection(ProjectConfigurationPlatforms) = postSolution
		{3D149AFA-15EA-4019-A90B-8EB6998E658D}.Debug|Any CPU.ActiveCfg = Debug|Any CPU
		{3D149AFA-15EA-4019-A90B-8EB6998E658D}.Debug|Any CPU.Build.0 = Debug|Any CPU
		{3D149AFA-15EA-4019-A90B-8EB6998E658D}.Release|Any CPU.ActiveCfg = Release|Any CPU
		{3D149AFA-15EA-4019-A90B-8EB6998E658D}.Release|Any CPU.Build.0 = Release|Any CPU
	EndGlobalSection
	GlobalSection(SolutionProperties) = preSolution
		HideSolutionNode = FALSE
	EndGlobalSection
	GlobalSection(ExtensibilityGlobals) = postSolution
		SolutionGuid = {CB450AA2-F1B3-4150-82A3-81426C758620}
	EndGlobalSection
EndGlobal
